<?xml version="1.0" encoding="utf-8"?>
<Project ToolsVersion="4.0" xmlns="http://schemas.microsoft.com/developer/msbuild/2003">
  <ItemGroup>
    <Filter Include="win32">
      <UniqueIdentifier>{84a8ebd7-7cf0-47f6-b75e-d441df67da40}</UniqueIdentifier>
    </Filter>
    <Filter Include="resource">
      <UniqueIdentifier>{715254bc-d70b-4ec5-bf29-467dd3ace079}</UniqueIdentifier>
    </Filter>
    <Filter Include="src">
      <UniqueIdentifier>{bb6c862e-70e9-49d9-81b7-3829a6f50471}</UniqueIdentifier>
    </Filter>
    <Filter Include="src\Character">
      <UniqueIdentifier>{eb095033-a8ea-41db-9279-8b13d9a26d95}</UniqueIdentifier>
    </Filter>
    <Filter Include="src\Scene">
      <UniqueIdentifier>{e303173c-1d23-4e2d-9d64-633512776643}</UniqueIdentifier>
    </Filter>
    <Filter Include="src\Snare">
      <UniqueIdentifier>{2767cb82-4f03-4cd3-b013-f9a25ba3186d}</UniqueIdentifier>
    </Filter>
  </ItemGroup>
  <ItemGroup>
    <ClCompile Include="main.cpp">
      <Filter>win32</Filter>
    </ClCompile>
    <ClCompile Include="res\Character\Player.cpp">
      <Filter>src\Character</Filter>
    </ClCompile>
    <ClCompile Include="res\AppDelegate.cpp">
      <Filter>src</Filter>
    </ClCompile>
    <ClCompile Include="res\GameManager.cpp">
      <Filter>src</Filter>
    </ClCompile>
    <ClCompile Include="res\MainController.cpp">
      <Filter>src</Filter>
    </ClCompile>
    <ClCompile Include="res\Snare\Needle.cpp">
      <Filter>src\Snare</Filter>
    </ClCompile>
    <ClCompile Include="res\Snare\Battery.cpp">
      <Filter>src\Snare</Filter>
    </ClCompile>
    <ClCompile Include="res\Scene\MainScene.cpp">
      <Filter>src\Scene</Filter>
    </ClCompile>
    <ClCompile Include="res\Snare\Win.cpp">
      <Filter>src\Snare</Filter>
    </ClCompile>
    <ClCompile Include="res\Snare\Key.cpp">
      <Filter>src\Snare</Filter>
    </ClCompile>
    <ClCompile Include="res\UI.cpp">
      <Filter>src</Filter>
    </ClCompile>
  </ItemGroup>
  <ItemGroup>
    <ClInclude Include="main.h">
      <Filter>win32</Filter>
    </ClInclude>
    <ClInclude Include="res\Character\Player.h">
      <Filter>src\Character</Filter>
    </ClInclude>
    <ClInclude Include="res\AppDelegate.h">
      <Filter>src</Filter>
    </ClInclude>
    <ClInclude Include="res\GameManager.h">
      <Filter>src</Filter>
    </ClInclude>
    <ClInclude Include="res\MainConfig.h">
      <Filter>src</Filter>
    </ClInclude>
    <ClInclude Include="res\MainController.h">
      <Filter>src</Filter>
    </ClInclude>
    <ClInclude Include="res\Snare\Needle.h">
      <Filter>src\Snare</Filter>
    </ClInclude>
    <ClInclude Include="res\Snare\Battery.h">
      <Filter>src\Snare</Filter>
    </ClInclude>
    <ClInclude Include="res\Scene\MainScene.h">
      <Filter>src\Scene</Filter>
    </ClInclude>
    <ClInclude Include="res\Snare\Win.h">
      <Filter>src\Snare</Filter>
    </ClInclude>
    <ClInclude Include="res\Snare\Key.h">
      <Filter>src\Snare</Filter>
    </ClInclude>
    <ClInclude Include="res\UI.h">
      <Filter>src</Filter>
    </ClInclude>
  </ItemGroup>
  <ItemGroup>
    <ResourceCompile Include="game.rc">
      <Filter>resource</Filter>
    </ResourceCompile>
  </ItemGroup>
</Project>