<?xml version="1.0" encoding="utf-8"?>
<Project ToolsVersion="4.0" xmlns="http://schemas.microsoft.com/developer/msbuild/2003">
  <ItemGroup>
    <Filter Include="win32">
      <UniqueIdentifier>{84a8ebd7-7cf0-47f6-b75e-d441df67da40}</UniqueIdentifier>
    </Filter>
    <Filter Include="resource">
      <UniqueIdentifier>{715254bc-d70b-4ec5-bf29-467dd3ace079}</UniqueIdentifier>
    </Filter>
    <Filter Include="src">
      <UniqueIdentifier>{bb6c862e-70e9-49d9-81b7-3829a6f50471}</UniqueIdentifier>
    </Filter>
    <Filter Include="src\Character">
      <UniqueIdentifier>{eb095033-a8ea-41db-9279-8b13d9a26d95}</UniqueIdentifier>
    </Filter>
    <Filter Include="src\Scene">
      <UniqueIdentifier>{e303173c-1d23-4e2d-9d64-633512776643}</UniqueIdentifier>
    </Filter>
    <Filter Include="resource\Map">
      <UniqueIdentifier>{3434aba0-2213-48a9-8879-6ee6ac8992c2}</UniqueIdentifier>
    </Filter>
    <Filter Include="resource\Docs">
      <UniqueIdentifier>{fb0bc10a-cb33-4383-8e6c-677078693060}</UniqueIdentifier>
    </Filter>
  </ItemGroup>
  <ItemGroup>
    <ClCompile Include="main.cpp">
      <Filter>win32</Filter>
    </ClCompile>
    <ClCompile Include="..\Classes\AppDelegate.cpp">
      <Filter>src</Filter>
    </ClCompile>
    <ClCompile Include="..\Classes\GameManager.cpp">
      <Filter>src</Filter>
    </ClCompile>
    <ClCompile Include="..\Classes\Scene\TestScene.cpp">
      <Filter>src\Scene</Filter>
    </ClCompile>
    <ClCompile Include="..\Classes\Character\Player.cpp">
      <Filter>src\Character</Filter>
    </ClCompile>
    <ClCompile Include="..\Classes\MainController.cpp">
      <Filter>src</Filter>
    </ClCompile>
    <ClCompile Include="..\Classes\Character\Character.cpp">
      <Filter>src\Character</Filter>
    </ClCompile>
  </ItemGroup>
  <ItemGroup>
    <ClInclude Include="main.h">
      <Filter>win32</Filter>
    </ClInclude>
    <ClInclude Include="..\Classes\AppDelegate.h">
      <Filter>src</Filter>
    </ClInclude>
    <ClInclude Include="..\Classes\Scene\TestScene.h">
      <Filter>src\Scene</Filter>
    </ClInclude>
    <ClInclude Include="..\Classes\Character\Player.h">
      <Filter>src\Character</Filter>
    </ClInclude>
    <ClInclude Include="..\Classes\MainConfig.h">
      <Filter>src</Filter>
    </ClInclude>
    <ClInclude Include="..\Classes\GameManager.h">
      <Filter>src</Filter>
    </ClInclude>
    <ClInclude Include="..\Classes\MainController.h">
      <Filter>src</Filter>
    </ClInclude>
    <ClInclude Include="..\Classes\Character\Character.h">
      <Filter>src\Character</Filter>
    </ClInclude>
  </ItemGroup>
  <ItemGroup>
    <ResourceCompile Include="game.rc">
      <Filter>resource</Filter>
    </ResourceCompile>
  </ItemGroup>
  <ItemGroup>
    <Image Include="..\Resources\Map\testPlatform.png">
      <Filter>resource\Map</Filter>
    </Image>
  </ItemGroup>
  <ItemGroup>
    <None Include="..\Resources\Map\testPlatform.tmx">
      <Filter>resource\Map</Filter>
    </None>
  </ItemGroup>
  <ItemGroup>
    <Text Include="..\Resources\Docs\Tree.txt">
      <Filter>resource\Docs</Filter>
    </Text>
  </ItemGroup>
</Project>